{
  "name": "textmate_service",
  "version": "1.0.0",
  "lockfileVersion": 1,
  "requires": true,
  "dependencies": {
    "@types/node": {
      "version": "11.9.5",
      "resolved": "https://registry.npmjs.org/@types/node/-/node-11.9.5.tgz",
      "integrity": "sha512-vVjM0SVzgaOUpflq4GYBvCpozes8OgIIS5gVXVka+OfK3hvnkC1i93U8WiY2OtNE4XUWyyy/86Kf6e0IHTQw1Q==",
      "dev": true
    },
    "typescript": {
      "version": "3.3.3333",
      "resolved": "https://registry.npmjs.org/typescript/-/typescript-3.3.3333.tgz",
      "integrity": "sha512-JjSKsAfuHBE/fB2oZ8NxtRTk5iGcg6hkYXMnZ3Wc+b2RSqejEqTaem11mHASMnFilHrax3sLK0GDzcJrekZYLw==",
      "dev": true
    },
    "vscode-jsonrpc": {
      "version": "4.0.0",
      "resolved": "https://registry.npmjs.org/vscode-jsonrpc/-/vscode-jsonrpc-4.0.0.tgz",
      "integrity": "sha512-perEnXQdQOJMTDFNv+UF3h1Y0z4iSiaN9jIlb0OqIYgosPCZGYh/MCUlkFtV2668PL69lRDO32hmvL2yiidUYg==",
      "dev": true
    }
  }
}
