# THIS IS AN AUTOGENERATED FILE. DO NOT EDIT THIS FILE DIRECTLY.
# yarn lockfile v1


"@types/node@^11.9.5":
  version "11.9.6"
  resolved "https://registry.yarnpkg.com/@types/node/-/node-11.9.6.tgz#c632bbcc780a1349673a6e2e9b9dfa8c369d3c74"
  integrity sha512-4hS2K4gwo9/aXIcoYxCtHpdgd8XUeDmo1siRCAH3RziXB65JlPqUFMtfy9VPj+og7dp3w1TFjGwYga4e0m9GwA==

nan@^2.10.0:
  version "2.12.1"
  resolved "https://registry.yarnpkg.com/nan/-/nan-2.12.1.tgz#7b1aa193e9aa86057e3c7bbd0ac448e770925552"
  integrity sha512-JY7V6lRkStKcKTvHO5NVSQRv+RV+FIL5pvDoLiAtSL9pKlC5x9PKQcZDsq7m4FO4d57mkhC6Z+QhAh3Jdk5JFw==

oniguruma@^7.0.0:
  version "7.0.2"
  resolved "https://registry.yarnpkg.com/oniguruma/-/oniguruma-7.0.2.tgz#a5c922cf7066da1dbcc60f6385a90437a83f8d0b"
  integrity sha512-zCsdNxTrrB4yVPMxhcIODGv1p4NVBu9WvsWnIGhMpu5djO4MQWXrC7YKjtza+OyoRqqgy27CqYWa1h5e2DDbig==
  dependencies:
    nan "^2.10.0"

typescript@^3.3.3333:
  version "3.3.3333"
  resolved "https://registry.yarnpkg.com/typescript/-/typescript-3.3.3333.tgz#171b2c5af66c59e9431199117a3bcadc66fdcfd6"
  integrity sha512-JjSKsAfuHBE/fB2oZ8NxtRTk5iGcg6hkYXMnZ3Wc+b2RSqejEqTaem11mHASMnFilHrax3sLK0GDzcJrekZYLw==

vscode-jsonrpc@^4.0.0:
  version "4.0.0"
  resolved "https://registry.yarnpkg.com/vscode-jsonrpc/-/vscode-jsonrpc-4.0.0.tgz#a7bf74ef3254d0a0c272fab15c82128e378b3be9"
  integrity sha512-perEnXQdQOJMTDFNv+UF3h1Y0z4iSiaN9jIlb0OqIYgosPCZGYh/MCUlkFtV2668PL69lRDO32hmvL2yiidUYg==

vscode-textmate@^4.0.1:
  version "4.0.1"
  resolved "https://registry.yarnpkg.com/vscode-textmate/-/vscode-textmate-4.0.1.tgz#6c36f28e9059ce12bc34907f7a33ea43166b26a8"
  integrity sha512-gHTXTj04TUgbjB8y7pkVwxOiuCuD6aU5gnFzIByQuqdgFpe/bJaaEIS4geGjbjWbd1XJh6zG1EthLfpNaXEqUw==
  dependencies:
    oniguruma "^7.0.0"
