# THIS IS AN AUTOGENERATED FILE. DO NOT EDIT THIS FILE DIRECTLY.
# yarn lockfile v1


semver@^5.5.0:
  version "5.7.1"
  resolved "https://registry.yarnpkg.com/semver/-/semver-5.7.1.tgz#a954f931aeba508d307bbf069eff0c01c96116f7"
  integrity sha512-sauaDf/PZdVgrLTNYHRtpXa1iRiKcaebiKQ1BJdpQlWH2lCvexQdX55snPFyK7QzpudqbCI0qXFfOasHdyNDGQ==

vscode-css-languageservice@^4.0.0-next.3:
  version "4.0.2"
  resolved "https://registry.yarnpkg.com/vscode-css-languageservice/-/vscode-css-languageservice-4.0.2.tgz#7496e538b0c151feac16d5888cc0b1b104f4c736"
  integrity sha512-pTnfXbsME3pl+yDfhUp/mtvPyIJk0Le4zqJxDn56s9GY9LqY0RmkSEh0oHH6D0HXR3Ni6wKosIaqu8a2G0+jdw==
  dependencies:
    vscode-languageserver-types "^3.15.0-next.2"
    vscode-nls "^4.1.1"

vscode-jsonrpc@^4.0.0, vscode-jsonrpc@^5.0.0-next.3:
  version "5.0.0-next.4"
  resolved "https://registry.yarnpkg.com/vscode-jsonrpc/-/vscode-jsonrpc-5.0.0-next.4.tgz#bbe1f7b4876eefe3e93bffd93672125506698d59"
  integrity sha512-Tos3tXP62ZTB9WowWwhvfVNdu1mEwQF/j7DqJuVL4QKhk311gH+mda0PZpG95LWyh5CCRpHMns4vNmMgZQrvXQ==

vscode-languageclient@^5.2.1:
  version "5.2.1"
  resolved "https://registry.yarnpkg.com/vscode-languageclient/-/vscode-languageclient-5.2.1.tgz#7cfc83a294c409f58cfa2b910a8cfeaad0397193"
  integrity sha512-7jrS/9WnV0ruqPamN1nE7qCxn0phkH5LjSgSp9h6qoJGoeAKzwKz/PF6M+iGA/aklx4GLZg1prddhEPQtuXI1Q==
  dependencies:
    semver "^5.5.0"
    vscode-languageserver-protocol "3.14.1"

vscode-languageserver-protocol@3.14.1, vscode-languageserver-protocol@^3.15.0-next.8:
  version "3.15.0-next.11"
  resolved "https://registry.yarnpkg.com/vscode-languageserver-protocol/-/vscode-languageserver-protocol-3.15.0-next.11.tgz#fef95eca6f7f544069cfd48610124ec0060e2cdd"
  integrity sha512-tpRnPtyS6q0EYH5RH12AtdMecgu3HVL2bBdBGzeQRN8Tf93I9LY4Fl5TXUNkIBjuxjMshkCM8ikhb+hlnWvB2w==
  dependencies:
    vscode-jsonrpc "^5.0.0-next.3"
    vscode-languageserver-types "^3.15.0-next.7"

vscode-languageserver-types@3.14.0, vscode-languageserver-types@^3.15.0-next.2, vscode-languageserver-types@^3.15.0-next.7:
  version "3.15.0-next.8"
  resolved "https://registry.yarnpkg.com/vscode-languageserver-types/-/vscode-languageserver-types-3.15.0-next.8.tgz#59bfe70e5690bcef7d28d0f3a7f813915edf62e1"
  integrity sha512-AEfWrSNyeamWMKPehh/kd3nBnKD9ZGCPhzfxMnW9YNqElSh28G2+Puk3knIQWyaWyV6Bzh28ok9BRJsPzXFCkQ==

vscode-languageserver@^5.3.0-next.2:
  version "5.3.0-next.10"
  resolved "https://registry.yarnpkg.com/vscode-languageserver/-/vscode-languageserver-5.3.0-next.10.tgz#995fe8b57fc4eb9fea0d11762d3a803de4278995"
  integrity sha512-QL7Fe1FT6PdLtVzwJeZ78pTic4eZbzLRy7yAQgPb9xalqqgZESR0+yDZPwJrM3E7PzOmwHBceYcJR54eQZ7Kng==
  dependencies:
    vscode-languageserver-protocol "^3.15.0-next.8"
    vscode-textbuffer "^1.0.0"

vscode-nls@^4.0.0, vscode-nls@^4.1.1:
  version "4.1.1"
  resolved "https://registry.yarnpkg.com/vscode-nls/-/vscode-nls-4.1.1.tgz#f9916b64e4947b20322defb1e676a495861f133c"
  integrity sha512-4R+2UoUUU/LdnMnFjePxfLqNhBS8lrAFyX7pjb2ud/lqDkrUavFUTcG7wR0HBZFakae0Q6KLBFjMS6W93F403A==

vscode-textbuffer@^1.0.0:
  version "1.0.0"
  resolved "https://registry.yarnpkg.com/vscode-textbuffer/-/vscode-textbuffer-1.0.0.tgz#1faee638c8e0e4131c8d5c353993a1874acda086"
  integrity sha512-zPaHo4urgpwsm+PrJWfNakolRpryNja18SUip/qIIsfhuEqEIPEXMxHOlFPjvDC4JgTaimkncNW7UMXRJTY6ow==

vscode-uri@*:
  version "2.1.1"
  resolved "https://registry.yarnpkg.com/vscode-uri/-/vscode-uri-2.1.1.tgz#5aa1803391b6ebdd17d047f51365cf62c38f6e90"
  integrity sha512-eY9jmGoEnVf8VE8xr5znSah7Qt1P/xsCdErz+g8HYZtJ7bZqKH5E3d+6oVNm1AC/c6IHUDokbmVXKOi4qPAC9A==
