# THIS IS AN AUTOGENERATED FILE. DO NOT EDIT THIS FILE DIRECTLY.
# yarn lockfile v1


applicationinsights@1.0.8:
  version "1.0.8"
  resolved "https://registry.yarnpkg.com/applicationinsights/-/applicationinsights-1.0.8.tgz#db6e3d983cf9f9405fe1ee5ba30ac6e1914537b5"
  integrity sha512-KzOOGdphOS/lXWMFZe5440LUdFbrLpMvh2SaRxn7BmiI550KAoSb2gIhiq6kJZ9Ir3AxRRztjhzif+e5P5IXIg==
  dependencies:
    diagnostic-channel "0.2.0"
    diagnostic-channel-publishers "0.2.1"
    zone.js "0.7.6"

diagnostic-channel-publishers@0.2.1:
  version "0.2.1"
  resolved "https://registry.yarnpkg.com/diagnostic-channel-publishers/-/diagnostic-channel-publishers-0.2.1.tgz#8e2d607a8b6d79fe880b548bc58cc6beb288c4f3"
  integrity sha1-ji1geottef6IC1SLxYzGvrKIxPM=

diagnostic-channel@0.2.0:
  version "0.2.0"
  resolved "https://registry.yarnpkg.com/diagnostic-channel/-/diagnostic-channel-0.2.0.tgz#cc99af9612c23fb1fff13612c72f2cbfaa8d5a17"
  integrity sha1-zJmvlhLCP7H/8TYSxy8sv6qNWhc=
  dependencies:
    semver "^5.3.0"

jsonc-parser@^2.0.1:
  version "2.2.0"
  resolved "https://registry.yarnpkg.com/jsonc-parser/-/jsonc-parser-2.2.0.tgz#f206f87f9d49d644b7502052c04e82dd6392e9ef"
  integrity sha512-4fLQxW1j/5fWj6p78vAlAafoCKtuBm6ghv+Ij5W2DrDx0qE+ZdEl2c6Ko1mgJNF5ftX1iEWQQ4Ap7+3GlhjkOA==

semver@5.5.1, semver@^5.3.0, semver@^5.5.0:
  version "5.5.1"
  resolved "https://registry.yarnpkg.com/semver/-/semver-5.5.1.tgz#7dfdd8814bdb7cabc7be0fb1d734cfb66c940477"
  integrity sha512-PqpAxfrEhlSUWge8dwIp4tZnQ25DIOthpiaHNIthsjEFQD6EvqUKUDM7L8O2rShkFccYo1VjJR0coWfNkCubRw==

typescript@*:
  version "3.7.2"
  resolved "https://registry.yarnpkg.com/typescript/-/typescript-3.7.2.tgz#27e489b95fa5909445e9fef5ee48d81697ad18fb"
  integrity sha512-ml7V7JfiN2Xwvcer+XAf2csGO1bPBdRbFCkYBczNZggrBZ9c7G3riSUeJmqEU5uOtXNPMhE3n+R4FA/3YOAWOQ==

vscode-css-languageservice@^4.0.0-next.3:
  version "4.0.2"
  resolved "https://registry.yarnpkg.com/vscode-css-languageservice/-/vscode-css-languageservice-4.0.2.tgz#7496e538b0c151feac16d5888cc0b1b104f4c736"
  integrity sha512-pTnfXbsME3pl+yDfhUp/mtvPyIJk0Le4zqJxDn56s9GY9LqY0RmkSEh0oHH6D0HXR3Ni6wKosIaqu8a2G0+jdw==
  dependencies:
    vscode-languageserver-types "^3.15.0-next.2"
    vscode-nls "^4.1.1"

vscode-extension-telemetry@0.1.1:
  version "0.1.1"
  resolved "https://registry.yarnpkg.com/vscode-extension-telemetry/-/vscode-extension-telemetry-0.1.1.tgz#91387e06b33400c57abd48979b0e790415ae110b"
  integrity sha512-TkKKG/B/J94DP5qf6xWB4YaqlhWDg6zbbqVx7Bz//stLQNnfE9XS1xm3f6fl24c5+bnEK0/wHgMgZYKIKxPeUA==
  dependencies:
    applicationinsights "1.0.8"

vscode-jsonrpc@^4.0.0:
  version "4.0.0"
  resolved "https://registry.yarnpkg.com/vscode-jsonrpc/-/vscode-jsonrpc-4.0.0.tgz#a7bf74ef3254d0a0c272fab15c82128e378b3be9"
  integrity sha512-perEnXQdQOJMTDFNv+UF3h1Y0z4iSiaN9jIlb0OqIYgosPCZGYh/MCUlkFtV2668PL69lRDO32hmvL2yiidUYg==

vscode-languageclient@^5.2.1:
  version "5.2.1"
  resolved "https://registry.yarnpkg.com/vscode-languageclient/-/vscode-languageclient-5.2.1.tgz#7cfc83a294c409f58cfa2b910a8cfeaad0397193"
  integrity sha512-7jrS/9WnV0ruqPamN1nE7qCxn0phkH5LjSgSp9h6qoJGoeAKzwKz/PF6M+iGA/aklx4GLZg1prddhEPQtuXI1Q==
  dependencies:
    semver "^5.5.0"
    vscode-languageserver-protocol "3.14.1"

vscode-languageserver-protocol@3.14.1:
  version "3.14.1"
  resolved "https://registry.yarnpkg.com/vscode-languageserver-protocol/-/vscode-languageserver-protocol-3.14.1.tgz#b8aab6afae2849c84a8983d39a1cf742417afe2f"
  integrity sha512-IL66BLb2g20uIKog5Y2dQ0IiigW0XKrvmWiOvc0yXw80z3tMEzEnHjaGAb3ENuU7MnQqgnYJ1Cl2l9RvNgDi4g==
  dependencies:
    vscode-jsonrpc "^4.0.0"
    vscode-languageserver-types "3.14.0"

vscode-languageserver-types@3.14.0, vscode-languageserver-types@^3.15.0-next.2:
  version "3.14.0"
  resolved "https://registry.yarnpkg.com/vscode-languageserver-types/-/vscode-languageserver-types-3.14.0.tgz#d3b5952246d30e5241592b6dde8280e03942e743"
  integrity sha512-lTmS6AlAlMHOvPQemVwo3CezxBp0sNB95KNPkqp3Nxd5VFEnuG1ByM0zlRWos0zjO3ZWtkvhal0COgiV1xIA4A==

vscode-languageserver@^5.2.1:
  version "5.2.1"
  resolved "https://registry.yarnpkg.com/vscode-languageserver/-/vscode-languageserver-5.2.1.tgz#0d2feddd33f92aadf5da32450df498d52f6f14eb"
  integrity sha512-GuayqdKZqAwwaCUjDvMTAVRPJOp/SLON3mJ07eGsx/Iq9HjRymhKWztX41rISqDKhHVVyFM+IywICyZDla6U3A==
  dependencies:
    vscode-languageserver-protocol "3.14.1"
    vscode-uri "^1.0.6"

vscode-nls@^4.0.0, vscode-nls@^4.1.1:
  version "4.1.1"
  resolved "https://registry.yarnpkg.com/vscode-nls/-/vscode-nls-4.1.1.tgz#f9916b64e4947b20322defb1e676a495861f133c"
  integrity sha512-4R+2UoUUU/LdnMnFjePxfLqNhBS8lrAFyX7pjb2ud/lqDkrUavFUTcG7wR0HBZFakae0Q6KLBFjMS6W93F403A==

vscode-uri@*, vscode-uri@^1.0.6:
  version "1.0.8"
  resolved "https://registry.yarnpkg.com/vscode-uri/-/vscode-uri-1.0.8.tgz#9769aaececae4026fb6e22359cb38946580ded59"
  integrity sha512-obtSWTlbJ+a+TFRYGaUumtVwb+InIUVI0Lu0VBUAPmj2cU5JutEXg3xUE0c2J5Tcy7h2DEKVJBFi+Y9ZSFzzPQ==

zone.js@0.7.6:
  version "0.7.6"
  resolved "https://registry.yarnpkg.com/zone.js/-/zone.js-0.7.6.tgz#fbbc39d3e0261d0986f1ba06306eb3aeb0d22009"
  integrity sha1-+7w50+AmHQmG8boGMG6zrrDSIAk=
