# THIS IS AN AUTOGENERATED FILE. DO NOT EDIT THIS FILE DIRECTLY.
# yarn lockfile v1


graceful-fs@4.1.11:
  version "4.1.11"
  resolved "https://registry.yarnpkg.com/graceful-fs/-/graceful-fs-4.1.11.tgz#0e8bdfe4d1ddb8854d64e04ea7c00e2a026e5658"
  integrity sha1-Dovf5NHduIVNZOBOp8AOKgJuVlg=

iconv-lite@0.4.23:
  version "0.4.23"
  resolved "https://registry.yarnpkg.com/iconv-lite/-/iconv-lite-0.4.23.tgz#297871f63be507adcfbfca715d0cd0eed84e9a63"
  integrity sha512-neyTUVFtahjf0mB3dZT77u+8O0QB89jFdnBkd5P1JgYPbPaia3gXXOVL2fq8VyU2gMMD7SaN7QukTB/pmXYvDA==
  dependencies:
    safer-buffer ">= 2.1.2 < 3"

"safer-buffer@>= 2.1.2 < 3":
  version "2.1.2"
  resolved "https://registry.yarnpkg.com/safer-buffer/-/safer-buffer-2.1.2.tgz#44fa161b0187b9549dd84bb91802f9bd8385cd6a"
  integrity sha512-YZo3K82SD7Riyi0E1EQPojLz7kpepnSQI9IyPbHHg1XXXevb5dJI7tpyN2ADxGcQbHG7vcyRHk0cbwqcQriUtg==

semver@^5.5.0:
  version "5.7.1"
  resolved "https://registry.yarnpkg.com/semver/-/semver-5.7.1.tgz#a954f931aeba508d307bbf069eff0c01c96116f7"
  integrity sha512-sauaDf/PZdVgrLTNYHRtpXa1iRiKcaebiKQ1BJdpQlWH2lCvexQdX55snPFyK7QzpudqbCI0qXFfOasHdyNDGQ==

sudo-prompt@^9.0.0:
  version "9.0.0"
  resolved "https://registry.yarnpkg.com/sudo-prompt/-/sudo-prompt-9.0.0.tgz#eebedeee9fcd6f661324e6bb46335e3288e8dc8a"
  integrity sha512-kUn5fiOk0nhY2oKD9onIkcNCE4Zt85WTsvOfSmqCplmlEvXCcPOmp1npH5YWuf8Bmyy9wLWkIxx+D+8cThBORQ==

vscode-exthost@1.33.4:
  version "1.33.4"
  resolved "https://registry.yarnpkg.com/vscode-exthost/-/vscode-exthost-1.33.4.tgz#f076ef6f753b46f1d3ea6c3cb121ee5eb89f9efd"
  integrity sha512-V6hikfsZTgwqNITMpwoYwxkoJq99UmX1xZm0AquxHcKKfcksGql5k1dg0jQe7SyLNp0LEW9WhZUIbZIRwSNCkA==
  dependencies:
    graceful-fs "4.1.11"
    iconv-lite "0.4.23"
    semver "^5.5.0"
    vscode-jsonrpc "4.0.0"

vscode-jsonrpc@4.0.0:
  version "4.0.0"
  resolved "https://registry.yarnpkg.com/vscode-jsonrpc/-/vscode-jsonrpc-4.0.0.tgz#a7bf74ef3254d0a0c272fab15c82128e378b3be9"
  integrity sha512-perEnXQdQOJMTDFNv+UF3h1Y0z4iSiaN9jIlb0OqIYgosPCZGYh/MCUlkFtV2668PL69lRDO32hmvL2yiidUYg==
